{
  "name": "example-node",
  "version": "1.0.0",
  "lockfileVersion": 2,
  "requires": true,
  "packages": {
    "": {
      "name": "example-node",
      "version": "1.0.0",
      "license": "ISC",
      "dependencies": {
        "synchronization-mutex-js": "file:../../synchronization-mutex-js-0.0.1.tgz"
      }
    },
    "node_modules/synchronization-mutex-js": {
      "version": "0.0.1",
      "resolved": "file:../../synchronization-mutex-js-0.0.1.tgz",
      "integrity": "sha512-zT6Na4RggX9kMDszpAxbUcvPxsR9/2pO2NM8IWQ+j8XLaJSTFYBcm5INNaF/LP40xt4CLOPmIr/nIeLanpOv8w==",
      "license": "ISC"
    }
  },
  "dependencies": {
    "synchronization-mutex-js": {
      "version": "file:../../synchronization-mutex-js-0.0.1.tgz",
      "integrity": "sha512-zT6Na4RggX9kMDszpAxbUcvPxsR9/2pO2NM8IWQ+j8XLaJSTFYBcm5INNaF/LP40xt4CLOPmIr/nIeLanpOv8w=="
    }
  }
}
